
Microsoft Visual Studio Solution File, Format Version 12.00
# Visual Studio Version 17
VisualStudioVersion = 17.13.35931.197
MinimumVisualStudioVersion = 10.0.40219.1
Project("{FAE04EC0-301F-11D3-BF4B-00C04F79EFBC}") = "TeduCoreApp", "TeduCoreApp\TeduCoreApp.csproj", "{75A539A1-63F0-4513-B90B-BAA4EADCFCAF}"
EndProject
Project("{FAE04EC0-301F-11D3-BF4B-00C04F79EFBC}") = "TeduCoreApp.Infrastructure", "TeduCoreApp.Infrastructure\TeduCoreApp.Infrastructure.csproj", "{1545CC9F-0067-4D54-9419-24F458B14BDE}"
EndProject
Project("{FAE04EC0-301F-11D3-BF4B-00C04F79EFBC}") = "TeduCoreApp.Utilities", "TeduCoreApp.Utilities\TeduCoreApp.Utilities.csproj", "{768BC846-B607-4952-83B9-C0FD4EA80AA8}"
EndProject
Project("{FAE04EC0-301F-11D3-BF4B-00C04F79EFBC}") = "TeduCoreApp.Application", "TeduCoreApp.Application\TeduCoreApp.Application.csproj", "{A013FC9F-7CB5-4E29-B713-870085B62614}"
EndProject
Project("{2150E333-8FDC-42A3-9474-1A3956D46DE8}") = "1 - Presentation", "1 - Presentation", "{02EA681E-C7D8-13C7-8484-4AC65E1B71E8}"
EndProject
Project("{2150E333-8FDC-42A3-9474-1A3956D46DE8}") = "src", "src", "{827E0CD3-B72D-47B6-A68D-7590B98EB39B}"
EndProject
Project("{FAE04EC0-301F-11D3-BF4B-00C04F79EFBC}") = "TeduCoreApp.Domain", "src\TeduCoreApp.Domain\TeduCoreApp.Domain.csproj", "{9D37273F-464B-4FB2-B400-28401CE64B85}"
EndProject
Global
	GlobalSection(SolutionConfigurationPlatforms) = preSolution
		Debug|Any CPU = Debug|Any CPU
		Debug|x64 = Debug|x64
		Debug|x86 = Debug|x86
		Release|Any CPU = Release|Any CPU
		Release|x64 = Release|x64
		Release|x86 = Release|x86
	EndGlobalSection
	GlobalSection(ProjectConfigurationPlatforms) = postSolution
		{75A539A1-63F0-4513-B90B-BAA4EADCFCAF}.Debug|Any CPU.ActiveCfg = Debug|Any CPU
		{75A539A1-63F0-4513-B90B-BAA4EADCFCAF}.Debug|Any CPU.Build.0 = Debug|Any CPU
		{75A539A1-63F0-4513-B90B-BAA4EADCFCAF}.Debug|x64.ActiveCfg = Debug|Any CPU
		{75A539A1-63F0-4513-B90B-BAA4EADCFCAF}.Debug|x64.Build.0 = Debug|Any CPU
		{75A539A1-63F0-4513-B90B-BAA4EADCFCAF}.Debug|x86.ActiveCfg = Debug|Any CPU
		{75A539A1-63F0-4513-B90B-BAA4EADCFCAF}.Debug|x86.Build.0 = Debug|Any CPU
		{75A539A1-63F0-4513-B90B-BAA4EADCFCAF}.Release|Any CPU.ActiveCfg = Release|Any CPU
		{75A539A1-63F0-4513-B90B-BAA4EADCFCAF}.Release|Any CPU.Build.0 = Release|Any CPU
		{75A539A1-63F0-4513-B90B-BAA4EADCFCAF}.Release|x64.ActiveCfg = Release|Any CPU
		{75A539A1-63F0-4513-B90B-BAA4EADCFCAF}.Release|x64.Build.0 = Release|Any CPU
		{75A539A1-63F0-4513-B90B-BAA4EADCFCAF}.Release|x86.ActiveCfg = Release|Any CPU
		{75A539A1-63F0-4513-B90B-BAA4EADCFCAF}.Release|x86.Build.0 = Release|Any CPU
		{1545CC9F-0067-4D54-9419-24F458B14BDE}.Debug|Any CPU.ActiveCfg = Debug|Any CPU
		{1545CC9F-0067-4D54-9419-24F458B14BDE}.Debug|Any CPU.Build.0 = Debug|Any CPU
		{1545CC9F-0067-4D54-9419-24F458B14BDE}.Debug|x64.ActiveCfg = Debug|Any CPU
		{1545CC9F-0067-4D54-9419-24F458B14BDE}.Debug|x64.Build.0 = Debug|Any CPU
		{1545CC9F-0067-4D54-9419-24F458B14BDE}.Debug|x86.ActiveCfg = Debug|Any CPU
		{1545CC9F-0067-4D54-9419-24F458B14BDE}.Debug|x86.Build.0 = Debug|Any CPU
		{1545CC9F-0067-4D54-9419-24F458B14BDE}.Release|Any CPU.ActiveCfg = Release|Any CPU
		{1545CC9F-0067-4D54-9419-24F458B14BDE}.Release|Any CPU.Build.0 = Release|Any CPU
		{1545CC9F-0067-4D54-9419-24F458B14BDE}.Release|x64.ActiveCfg = Release|Any CPU
		{1545CC9F-0067-4D54-9419-24F458B14BDE}.Release|x64.Build.0 = Release|Any CPU
		{1545CC9F-0067-4D54-9419-24F458B14BDE}.Release|x86.ActiveCfg = Release|Any CPU
		{1545CC9F-0067-4D54-9419-24F458B14BDE}.Release|x86.Build.0 = Release|Any CPU
		{768BC846-B607-4952-83B9-C0FD4EA80AA8}.Debug|Any CPU.ActiveCfg = Debug|Any CPU
		{768BC846-B607-4952-83B9-C0FD4EA80AA8}.Debug|Any CPU.Build.0 = Debug|Any CPU
		{768BC846-B607-4952-83B9-C0FD4EA80AA8}.Debug|x64.ActiveCfg = Debug|Any CPU
		{768BC846-B607-4952-83B9-C0FD4EA80AA8}.Debug|x64.Build.0 = Debug|Any CPU
		{768BC846-B607-4952-83B9-C0FD4EA80AA8}.Debug|x86.ActiveCfg = Debug|Any CPU
		{768BC846-B607-4952-83B9-C0FD4EA80AA8}.Debug|x86.Build.0 = Debug|Any CPU
		{768BC846-B607-4952-83B9-C0FD4EA80AA8}.Release|Any CPU.ActiveCfg = Release|Any CPU
		{768BC846-B607-4952-83B9-C0FD4EA80AA8}.Release|Any CPU.Build.0 = Release|Any CPU
		{768BC846-B607-4952-83B9-C0FD4EA80AA8}.Release|x64.ActiveCfg = Release|Any CPU
		{768BC846-B607-4952-83B9-C0FD4EA80AA8}.Release|x64.Build.0 = Release|Any CPU
		{768BC846-B607-4952-83B9-C0FD4EA80AA8}.Release|x86.ActiveCfg = Release|Any CPU
		{768BC846-B607-4952-83B9-C0FD4EA80AA8}.Release|x86.Build.0 = Release|Any CPU
		{A013FC9F-7CB5-4E29-B713-870085B62614}.Debug|Any CPU.ActiveCfg = Debug|Any CPU
		{A013FC9F-7CB5-4E29-B713-870085B62614}.Debug|Any CPU.Build.0 = Debug|Any CPU
		{A013FC9F-7CB5-4E29-B713-870085B62614}.Debug|x64.ActiveCfg = Debug|Any CPU
		{A013FC9F-7CB5-4E29-B713-870085B62614}.Debug|x64.Build.0 = Debug|Any CPU
		{A013FC9F-7CB5-4E29-B713-870085B62614}.Debug|x86.ActiveCfg = Debug|Any CPU
		{A013FC9F-7CB5-4E29-B713-870085B62614}.Debug|x86.Build.0 = Debug|Any CPU
		{A013FC9F-7CB5-4E29-B713-870085B62614}.Release|Any CPU.ActiveCfg = Release|Any CPU
		{A013FC9F-7CB5-4E29-B713-870085B62614}.Release|Any CPU.Build.0 = Release|Any CPU
		{A013FC9F-7CB5-4E29-B713-870085B62614}.Release|x64.ActiveCfg = Release|Any CPU
		{A013FC9F-7CB5-4E29-B713-870085B62614}.Release|x64.Build.0 = Release|Any CPU
		{A013FC9F-7CB5-4E29-B713-870085B62614}.Release|x86.ActiveCfg = Release|Any CPU
		{A013FC9F-7CB5-4E29-B713-870085B62614}.Release|x86.Build.0 = Release|Any CPU
		{9D37273F-464B-4FB2-B400-28401CE64B85}.Debug|Any CPU.ActiveCfg = Debug|Any CPU
		{9D37273F-464B-4FB2-B400-28401CE64B85}.Debug|Any CPU.Build.0 = Debug|Any CPU
		{9D37273F-464B-4FB2-B400-28401CE64B85}.Debug|x64.ActiveCfg = Debug|Any CPU
		{9D37273F-464B-4FB2-B400-28401CE64B85}.Debug|x64.Build.0 = Debug|Any CPU
		{9D37273F-464B-4FB2-B400-28401CE64B85}.Debug|x86.ActiveCfg = Debug|Any CPU
		{9D37273F-464B-4FB2-B400-28401CE64B85}.Debug|x86.Build.0 = Debug|Any CPU
		{9D37273F-464B-4FB2-B400-28401CE64B85}.Release|Any CPU.ActiveCfg = Release|Any CPU
		{9D37273F-464B-4FB2-B400-28401CE64B85}.Release|Any CPU.Build.0 = Release|Any CPU
		{9D37273F-464B-4FB2-B400-28401CE64B85}.Release|x64.ActiveCfg = Release|Any CPU
		{9D37273F-464B-4FB2-B400-28401CE64B85}.Release|x64.Build.0 = Release|Any CPU
		{9D37273F-464B-4FB2-B400-28401CE64B85}.Release|x86.ActiveCfg = Release|Any CPU
		{9D37273F-464B-4FB2-B400-28401CE64B85}.Release|x86.Build.0 = Release|Any CPU
	EndGlobalSection
	GlobalSection(SolutionProperties) = preSolution
		HideSolutionNode = FALSE
	EndGlobalSection
	GlobalSection(NestedProjects) = preSolution
		{75A539A1-63F0-4513-B90B-BAA4EADCFCAF} = {02EA681E-C7D8-13C7-8484-4AC65E1B71E8}
		{1545CC9F-0067-4D54-9419-24F458B14BDE} = {827E0CD3-B72D-47B6-A68D-7590B98EB39B}
		{768BC846-B607-4952-83B9-C0FD4EA80AA8} = {827E0CD3-B72D-47B6-A68D-7590B98EB39B}
		{A013FC9F-7CB5-4E29-B713-870085B62614} = {827E0CD3-B72D-47B6-A68D-7590B98EB39B}
		{9D37273F-464B-4FB2-B400-28401CE64B85} = {827E0CD3-B72D-47B6-A68D-7590B98EB39B}
	EndGlobalSection
	GlobalSection(ExtensibilityGlobals) = postSolution
		SolutionGuid = {10F8A7CD-80FD-4DA7-86DF-54E56398A78F}
	EndGlobalSection
EndGlobal
